
Microsoft Visual Studio Solution File, Format Version 12.00
# Visual Studio Version 17
VisualStudioVersion = 17.8.34525.116
MinimumVisualStudioVersion = 10.0.40219.1
Project("{FAE04EC0-301F-11D3-BF4B-00C04F79EFBC}") = "BlazorToDoList", "BlazorToDoList\BlazorToDoList.csproj", "{BA893D02-8E49-43A4-BF28-BA2983CA9232}"
EndProject
Global
	GlobalSection(SolutionConfigurationPlatforms) = preSolution
		Debug|Any CPU = Debug|Any CPU
		Release|Any CPU = Release|Any CPU
	EndGlobalSection
	GlobalSection(ProjectConfigurationPlatforms) = postSolution
		{BA893D02-8E49-43A4-BF28-BA2983CA9232}.Debug|Any CPU.ActiveCfg = Debug|Any CPU
		{BA893D02-8E49-43A4-BF28-BA2983CA9232}.Debug|Any CPU.Build.0 = Debug|Any CPU
		{BA893D02-8E49-43A4-BF28-BA2983CA9232}.Release|Any CPU.ActiveCfg = Release|Any CPU
		{BA893D02-8E49-43A4-BF28-BA2983CA9232}.Release|Any CPU.Build.0 = Release|Any CPU
	EndGlobalSection
	GlobalSection(SolutionProperties) = preSolution
		HideSolutionNode = FALSE
	EndGlobalSection
	GlobalSection(ExtensibilityGlobals) = postSolution
		SolutionGuid = {7E7DEB9C-7D9F-42FB-80CC-02EDE182329B}
	EndGlobalSection
EndGlobal
